
Microsoft Visual Studio Solution File, Format Version 12.00
# Visual Studio Version 17
VisualStudioVersion = 17.13.35931.197
MinimumVisualStudioVersion = 10.0.40219.1
Project("{FAE04EC0-301F-11D3-BF4B-00C04F79EFBC}") = "EmployeeManagement.DAL", "EmployeeManagement.DAL\EmployeeManagement.DAL.csproj", "{73597B67-6C64-4E0E-A75F-8D70805375F2}"
EndProject
Project("{FAE04EC0-301F-11D3-BF4B-00C04F79EFBC}") = "EmployeeManagement.API", "EmployeeManagement.API\EmployeeManagement.API.csproj", "{F82A7DA3-CD2B-4C77-A11A-6156364B1178}"
EndProject
Global
	GlobalSection(SolutionConfigurationPlatforms) = preSolution
		Debug|Any CPU = Debug|Any CPU
		Release|Any CPU = Release|Any CPU
	EndGlobalSection
	GlobalSection(ProjectConfigurationPlatforms) = postSolution
		{73597B67-6C64-4E0E-A75F-8D70805375F2}.Debug|Any CPU.ActiveCfg = Debug|Any CPU
		{73597B67-6C64-4E0E-A75F-8D70805375F2}.Debug|Any CPU.Build.0 = Debug|Any CPU
		{73597B67-6C64-4E0E-A75F-8D70805375F2}.Release|Any CPU.ActiveCfg = Release|Any CPU
		{73597B67-6C64-4E0E-A75F-8D70805375F2}.Release|Any CPU.Build.0 = Release|Any CPU
		{F82A7DA3-CD2B-4C77-A11A-6156364B1178}.Debug|Any CPU.ActiveCfg = Debug|Any CPU
		{F82A7DA3-CD2B-4C77-A11A-6156364B1178}.Debug|Any CPU.Build.0 = Debug|Any CPU
		{F82A7DA3-CD2B-4C77-A11A-6156364B1178}.Release|Any CPU.ActiveCfg = Release|Any CPU
		{F82A7DA3-CD2B-4C77-A11A-6156364B1178}.Release|Any CPU.Build.0 = Release|Any CPU
	EndGlobalSection
	GlobalSection(SolutionProperties) = preSolution
		HideSolutionNode = FALSE
	EndGlobalSection
	GlobalSection(ExtensibilityGlobals) = postSolution
		SolutionGuid = {555EB35C-348E-4C10-BB3F-0895094A2461}
	EndGlobalSection
EndGlobal
